// !$*UTF8*$!
{
	archiveVersion = 1;
	classes = {
	};
	objectVersion = 56;
	objects = {

/* Begin PBXBuildFile section */
		2782236E2F289C4F0029E11A /* majoing3App.swift in Sources */ = {isa = PBXBuildFile; fileRef = 2782236D2F289C4F0029E11A /* majoing3App.swift */; };
		278223702F289C4F0029E11A /* ContentView.swift in Sources */ = {isa = PBXBuildFile; fileRef = 2782236F2F289C4F0029E11A /* ContentView.swift */; };
		278223722F289C530029E11A /* Assets.xcassets in Resources */ = {isa = PBXBuildFile; fileRef = 278223712F289C530029E11A /* Assets.xcassets */; };
		278223762F289C530029E11A /* Preview Assets.xcassets in Resources */ = {isa = PBXBuildFile; fileRef = 278223752F289C530029E11A /* Preview Assets.xcassets */; };
		2782237D2F28A4480029E11A /* GoogleService-Info.plist in Resources */ = {isa = PBXBuildFile; fileRef = 2782237C2F28A4480029E11A /* GoogleService-Info.plist */; };
		27F0A0012F28A10000AAAAAA /* FirebaseCore in Frameworks */ = {isa = PBXBuildFile; productRef = 27F0A0122F28A10000AAAAAA /* FirebaseCore */; };
		27F0A0022F28A10000AAAAAA /* FirebaseAuth in Frameworks */ = {isa = PBXBuildFile; productRef = 27F0A0102F28A10000AAAAAA /* FirebaseAuth */; };
		27F0A0032F28A10000AAAAAA /* FirebaseFirestore in Frameworks */ = {isa = PBXBuildFile; productRef = 27F0A0112F28A10000AAAAAA /* FirebaseFirestore */; };
/* End PBXBuildFile section */

/* Begin PBXFileReference section */
		2782236A2F289C4F0029E11A /* majoing3.app */ = {isa = PBXFileReference; explicitFileType = wrapper.application; includeInIndex = 0; path = majoing3.app; sourceTree = BUILT_PRODUCTS_DIR; };
		2782236D2F289C4F0029E11A /* majoing3App.swift */ = {isa = PBXFileReference; lastKnownFileType = sourcecode.swift; path = majoing3App.swift; sourceTree = "<group>"; };
		2782236F2F289C4F0029E11A /* ContentView.swift */ = {isa = PBXFileReference; lastKnownFileType = sourcecode.swift; path = ContentView.swift; sourceTree = "<group>"; };
		278223712F289C530029E11A /* Assets.xcassets */ = {isa = PBXFileReference; lastKnownFileType = folder.assetcatalog; path = Assets.xcassets; sourceTree = "<group>"; };
		278223732F289C530029E11A /* majoing3.entitlements */ = {isa = PBXFileReference; lastKnownFileType = text.plist.entitlements; path = majoing3.entitlements; sourceTree = "<group>"; };
		278223752F289C530029E11A /* Preview Assets.xcassets */ = {isa = PBXFileReference; lastKnownFileType = folder.assetcatalog; path = "Preview Assets.xcassets"; sourceTree = "<group>"; };
		2782237C2F28A4480029E11A /* GoogleService-Info.plist */ = {isa = PBXFileReference; fileEncoding = 4; lastKnownFileType = text.plist.xml; path = "GoogleService-Info.plist"; sourceTree = "<group>"; };
/* End PBXFileReference section */

/* Begin PBXFrameworksBuildPhase section */
		278223672F289C4E0029E11A /* Frameworks */ = {
			isa = PBXFrameworksBuildPhase;
			buildActionMask = 2147483647;
			files = (
				27F0A0012F28A10000AAAAAA /* FirebaseCore in Frameworks */,
				27F0A0022F28A10000AAAAAA /* FirebaseAuth in Frameworks */,
				27F0A0032F28A10000AAAAAA /* FirebaseFirestore in Frameworks */,
			);
			runOnlyForDeploymentPostprocessing = 0;
		};
/* End PBXFrameworksBuildPhase section */

/* Begin PBXGroup section */
		278223612F289C4E0029E11A = {
			isa = PBXGroup;
			children = (
				2782236C2F289C4F0029E11A /* majoing3 */,
				2782236B2F289C4F0029E11A /* Products */,
			);
			sourceTree = "<group>";
		};
		2782236B2F289C4F0029E11A /* Products */ = {
			isa = PBXGroup;
			children = (
				2782236A2F289C4F0029E11A /* majoing3.app */,
			);
			name = Products;
			sourceTree = "<group>";
		};
	2782236C2F289C4F0029E11A /* majoing3 */ = {
		isa = PBXGroup;
		children = (
			2782236D2F289C4F0029E11A /* majoing3App.swift */,
			2782236F2F289C4F0029E11A /* ContentView.swift */,
			2782237C2F28A4480029E11A /* GoogleService-Info.plist */,
			278223712F289C530029E11A /* Assets.xcassets */,
			278223732F289C530029E11A /* majoing3.entitlements */,
			278223742F289C530029E11A /* Preview Content */,
		);
		path = majoing3;
		sourceTree = "<group>";
	};
	278223742F289C530029E11A /* Preview Content */ = {
		isa = PBXGroup;
		children = (
			278223752F289C530029E11A /* Preview Assets.xcassets */,
		);
		path = "Preview Content";
		sourceTree = "<group>";
	};
/* End PBXGroup section */

/* Begin PBXNativeTarget section */
		278223692F289C4E0029E11A /* majoing3 */ = {
			isa = PBXNativeTarget;
			buildConfigurationList = 278223792F289C530029E11A /* Build configuration list for PBXNativeTarget "majoing3" */;
			buildPhases = (
				278223662F289C4E0029E11A /* Sources */,
				278223672F289C4E0029E11A /* Frameworks */,
				278223682F289C4E0029E11A /* Resources */,
			);
			buildRules = (
			);
			dependencies = (
			);
			name = majoing3;
			packageProductDependencies = (
				27F0A0122F28A10000AAAAAA /* FirebaseCore */,
				27F0A0102F28A10000AAAAAA /* FirebaseAuth */,
				27F0A0112F28A10000AAAAAA /* FirebaseFirestore */,
			);
			productName = majoing3;
			productReference = 2782236A2F289C4F0029E11A /* majoing3.app */;
			productType = "com.apple.product-type.application";
		};
/* End PBXNativeTarget section */

/* Begin PBXProject section */
		278223622F289C4E0029E11A /* Project object */ = {
			isa = PBXProject;
			attributes = {
				BuildIndependentTargetsInParallel = 1;
				LastSwiftUpdateCheck = 1510;
				LastUpgradeCheck = 1510;
				TargetAttributes = {
					278223692F289C4E0029E11A = {
						CreatedOnToolsVersion = 15.1;
					};
				};
			};
			buildConfigurationList = 278223652F289C4E0029E11A /* Build configuration list for PBXProject "majoing3" */;
			compatibilityVersion = "Xcode 14.0";
			developmentRegion = en;
			hasScannedForEncodings = 0;
			knownRegions = (
				en,
				Base,
			);
			mainGroup = 278223612F289C4E0029E11A;
			packageReferences = (
				2782237E2F28A5660029E11A /* XCRemoteSwiftPackageReference "firebase-ios-sdk" */,
			);
			productRefGroup = 2782236B2F289C4F0029E11A /* Products */;
			projectDirPath = "";
			projectRoot = "";
			targets = (
				278223692F289C4E0029E11A /* majoing3 */,
			);
		};
/* End PBXProject section */

/* Begin PBXResourcesBuildPhase section */
		278223682F289C4E0029E11A /* Resources */ = {
			isa = PBXResourcesBuildPhase;
			buildActionMask = 2147483647;
			files = (
				278223762F289C530029E11A /* Preview Assets.xcassets in Resources */,
				278223722F289C530029E11A /* Assets.xcassets in Resources */,
				2782237D2F28A4480029E11A /* GoogleService-Info.plist in Resources */,
			);
			runOnlyForDeploymentPostprocessing = 0;
		};
/* End PBXResourcesBuildPhase section */

/* Begin PBXSourcesBuildPhase section */
		278223662F289C4E0029E11A /* Sources */ = {
			isa = PBXSourcesBuildPhase;
			buildActionMask = 2147483647;
			files = (
				278223702F289C4F0029E11A /* ContentView.swift in Sources */,
				2782236E2F289C4F0029E11A /* majoing3App.swift in Sources */,
			);
			runOnlyForDeploymentPostprocessing = 0;
		};
/* End PBXSourcesBuildPhase section */

/* Begin XCBuildConfiguration section */
		278223772F289C530029E11A /* Debug */ = {
			isa = XCBuildConfiguration;
			buildSettings = {
				ALWAYS_SEARCH_USER_PATHS = NO;
				ASSETCATALOG_COMPILER_GENERATE_SWIFT_ASSET_SYMBOL_EXTENSIONS = YES;
				CLANG_ANALYZER_NONNULL = YES;
				CLANG_ANALYZER_NUMBER_OBJECT_CONVERSION = YES_AGGRESSIVE;
				CLANG_CXX_LANGUAGE_STANDARD = "gnu++20";
				CLANG_ENABLE_MODULES = YES;
				CLANG_ENABLE_OBJC_ARC = YES;
				CLANG_ENABLE_OBJC_WEAK = YES;
				CLANG_WARN_BLOCK_CAPTURE_AUTORELEASING = YES;
				CLANG_WARN_BOOL_CONVERSION = YES;
				CLANG_WARN_COMMA = YES;
				CLANG_WARN_CONSTANT_CONVERSION = YES;
				CLANG_WARN_DEPRECATED_OBJC_IMPLEMENTATIONS = YES;
				CLANG_WARN_DIRECT_OBJC_ISA_USAGE = YES_ERROR;
				CLANG_WARN_DOCUMENTATION_COMMENTS = YES;
				CLANG_WARN_EMPTY_BODY = YES;
				CLANG_WARN_ENUM_CONVERSION = YES;
				CLANG_WARN_INFINITE_RECURSION = YES;
				CLANG_WARN_INT_CONVERSION = YES;
				CLANG_WARN_NON_LITERAL_NULL_CONVERSION = YES;
				CLANG_WARN_OBJC_IMPLICIT_RETAIN_SELF = YES;
				CLANG_WARN_OBJC_LITERAL_CONVERSION = YES;
				CLANG_WARN_OBJC_ROOT_CLASS = YES_ERROR;
				CLANG_WARN_QUOTED_INCLUDE_IN_FRAMEWORK_HEADER = YES;
				CLANG_WARN_RANGE_LOOP_ANALYSIS = YES;
				CLANG_WARN_STRICT_PROTOTYPES = YES;
				CLANG_WARN_SUSPICIOUS_MOVE = YES;
				CLANG_WARN_UNGUARDED_AVAILABILITY = YES_AGGRESSIVE;
				CLANG_WARN_UNREACHABLE_CODE = YES;
				CLANG_WARN__DUPLICATE_METHOD_MATCH = YES;
				COPY_PHASE_STRIP = NO;
				DEBUG_INFORMATION_FORMAT = dwarf;
				ENABLE_STRICT_OBJC_MSGSEND = YES;
				ENABLE_TESTABILITY = YES;
				ENABLE_USER_SCRIPT_SANDBOXING = YES;
				GCC_C_LANGUAGE_STANDARD = gnu17;
				GCC_DYNAMIC_NO_PIC = NO;
				GCC_NO_COMMON_BLOCKS = YES;
				GCC_OPTIMIZATION_LEVEL = 0;
				GCC_PREPROCESSOR_DEFINITIONS = (
					"DEBUG=1",
					"$(inherited)",
				);
				GCC_WARN_64_TO_32_BIT_CONVERSION = YES;
				GCC_WARN_ABOUT_RETURN_TYPE = YES_ERROR;
				GCC_WARN_UNDECLARED_SELECTOR = YES;
				GCC_WARN_UNINITIALIZED_AUTOS = YES_AGGRESSIVE;
				GCC_WARN_UNUSED_FUNCTION = YES;
				GCC_WARN_UNUSED_VARIABLE = YES;
				LOCALIZATION_PREFERS_STRING_CATALOGS = YES;
				MTL_ENABLE_DEBUG_INFO = INCLUDE_SOURCE;
				MTL_FAST_MATH = YES;
				ONLY_ACTIVE_ARCH = YES;
				SWIFT_ACTIVE_COMPILATION_CONDITIONS = "DEBUG $(inherited)";
				SWIFT_OPTIMIZATION_LEVEL = "-Onone";
			};
			name = Debug;
		};
		278223782F289C530029E11A /* Release */ = {
			isa = XCBuildConfiguration;
			buildSettings = {
				ALWAYS_SEARCH_USER_PATHS = NO;
				ASSETCATALOG_COMPILER_GENERATE_SWIFT_ASSET_SYMBOL_EXTENSIONS = YES;
				CLANG_ANALYZER_NONNULL = YES;
				CLANG_ANALYZER_NUMBER_OBJECT_CONVERSION = YES_AGGRESSIVE;
				CLANG_CXX_LANGUAGE_STANDARD = "gnu++20";
				CLANG_ENABLE_MODULES = YES;
				CLANG_ENABLE_OBJC_ARC = YES;
				CLANG_ENABLE_OBJC_WEAK = YES;
				CLANG_WARN_BLOCK_CAPTURE_AUTORELEASING = YES;
				CLANG_WARN_BOOL_CONVERSION = YES;
				CLANG_WARN_COMMA = YES;
				CLANG_WARN_CONSTANT_CONVERSION = YES;
				CLANG_WARN_DEPRECATED_OBJC_IMPLEMENTATIONS = YES;
				CLANG_WARN_DIRECT_OBJC_ISA_USAGE = YES_ERROR;
				CLANG_WARN_DOCUMENTATION_COMMENTS = YES;
				CLANG_WARN_EMPTY_BODY = YES;
				CLANG_WARN_ENUM_CONVERSION = YES;
				CLANG_WARN_INFINITE_RECURSION = YES;
				CLANG_WARN_INT_CONVERSION = YES;
				CLANG_WARN_NON_LITERAL_NULL_CONVERSION = YES;
				CLANG_WARN_OBJC_IMPLICIT_RETAIN_SELF = YES;
				CLANG_WARN_OBJC_LITERAL_CONVERSION = YES;
				CLANG_WARN_OBJC_ROOT_CLASS = YES_ERROR;
				CLANG_WARN_QUOTED_INCLUDE_IN_FRAMEWORK_HEADER = YES;
				CLANG_WARN_RANGE_LOOP_ANALYSIS = YES;
				CLANG_WARN_STRICT_PROTOTYPES = YES;
				CLANG_WARN_SUSPICIOUS_MOVE = YES;
				CLANG_WARN_UNGUARDED_AVAILABILITY = YES_AGGRESSIVE;
				CLANG_WARN_UNREACHABLE_CODE = YES;
				CLANG_WARN__DUPLICATE_METHOD_MATCH = YES;
				COPY_PHASE_STRIP = NO;
				DEBUG_INFORMATION_FORMAT = "dwarf-with-dsym";
				ENABLE_NS_ASSERTIONS = NO;
				ENABLE_STRICT_OBJC_MSGSEND = YES;
				ENABLE_USER_SCRIPT_SANDBOXING = YES;
				GCC_C_LANGUAGE_STANDARD = gnu17;
				GCC_NO_COMMON_BLOCKS = YES;
				GCC_WARN_64_TO_32_BIT_CONVERSION = YES;
				GCC_WARN_ABOUT_RETURN_TYPE = YES_ERROR;
				GCC_WARN_UNDECLARED_SELECTOR = YES;
				GCC_WARN_UNINITIALIZED_AUTOS = YES_AGGRESSIVE;
				GCC_WARN_UNUSED_FUNCTION = YES;
				GCC_WARN_UNUSED_VARIABLE = YES;
				LOCALIZATION_PREFERS_STRING_CATALOGS = YES;
				MTL_ENABLE_DEBUG_INFO = NO;
				MTL_FAST_MATH = YES;
				SWIFT_COMPILATION_MODE = wholemodule;
			};
			name = Release;
		};
		2782237A2F289C530029E11A /* Debug */ = {
			isa = XCBuildConfiguration;
			buildSettings = {
				ASSETCATALOG_COMPILER_APPICON_NAME = AppIcon;
				ASSETCATALOG_COMPILER_GLOBAL_ACCENT_COLOR_NAME = AccentColor;
				CODE_SIGN_ENTITLEMENTS = majoing3/majoing3.entitlements;
				CODE_SIGN_IDENTITY = "Apple Development";
				CODE_SIGN_STYLE = Automatic;
				CURRENT_PROJECT_VERSION = 1;
			DEVELOPMENT_ASSET_PATHS = "\"majoing3/Preview Content\"";
			DEVELOPMENT_TEAM = 554G537DSV;
			ENABLE_PREVIEWS = YES;
				GENERATE_INFOPLIST_FILE = YES;
				"INFOPLIST_KEY_UIApplicationSceneManifest_Generation[sdk=iphoneos*]" = YES;
				"INFOPLIST_KEY_UIApplicationSceneManifest_Generation[sdk=iphonesimulator*]" = YES;
				"INFOPLIST_KEY_UIApplicationSupportsIndirectInputEvents[sdk=iphoneos*]" = YES;
				"INFOPLIST_KEY_UIApplicationSupportsIndirectInputEvents[sdk=iphonesimulator*]" = YES;
				"INFOPLIST_KEY_UILaunchScreen_Generation[sdk=iphoneos*]" = YES;
				"INFOPLIST_KEY_UILaunchScreen_Generation[sdk=iphonesimulator*]" = YES;
				"INFOPLIST_KEY_UIStatusBarStyle[sdk=iphoneos*]" = UIStatusBarStyleDefault;
				"INFOPLIST_KEY_UIStatusBarStyle[sdk=iphonesimulator*]" = UIStatusBarStyleDefault;
				INFOPLIST_KEY_UISupportedInterfaceOrientations_iPad = "UIInterfaceOrientationPortrait UIInterfaceOrientationPortraitUpsideDown UIInterfaceOrientationLandscapeLeft UIInterfaceOrientationLandscapeRight";
				INFOPLIST_KEY_UISupportedInterfaceOrientations_iPhone = "UIInterfaceOrientationPortrait UIInterfaceOrientationLandscapeLeft UIInterfaceOrientationLandscapeRight";
			IPHONEOS_DEPLOYMENT_TARGET = 17.2;
			LD_RUNPATH_SEARCH_PATHS = "@executable_path/Frameworks";
			MARKETING_VERSION = 1.0;
				PRODUCT_BUNDLE_IDENTIFIER = com.okugawa.majoing3;
				PRODUCT_NAME = "$(TARGET_NAME)";
				PROVISIONING_PROFILE_SPECIFIER = "";
			SDKROOT = iphoneos;
			SUPPORTED_PLATFORMS = "iphoneos iphonesimulator";
			SUPPORTS_MACCATALYST = NO;
			SWIFT_EMIT_LOC_STRINGS = YES;
			SWIFT_VERSION = 5.0;
			TARGETED_DEVICE_FAMILY = "1,2";
			};
			name = Debug;
		};
		2782237B2F289C530029E11A /* Release */ = {
			isa = XCBuildConfiguration;
			buildSettings = {
				ASSETCATALOG_COMPILER_APPICON_NAME = AppIcon;
				ASSETCATALOG_COMPILER_GLOBAL_ACCENT_COLOR_NAME = AccentColor;
				CODE_SIGN_ENTITLEMENTS = majoing3/majoing3.entitlements;
				CODE_SIGN_IDENTITY = "Apple Development";
				CODE_SIGN_STYLE = Automatic;
				CURRENT_PROJECT_VERSION = 1;
			DEVELOPMENT_ASSET_PATHS = "\"majoing3/Preview Content\"";
			DEVELOPMENT_TEAM = 554G537DSV;
			ENABLE_PREVIEWS = YES;
				GENERATE_INFOPLIST_FILE = YES;
				"INFOPLIST_KEY_UIApplicationSceneManifest_Generation[sdk=iphoneos*]" = YES;
				"INFOPLIST_KEY_UIApplicationSceneManifest_Generation[sdk=iphonesimulator*]" = YES;
				"INFOPLIST_KEY_UIApplicationSupportsIndirectInputEvents[sdk=iphoneos*]" = YES;
				"INFOPLIST_KEY_UIApplicationSupportsIndirectInputEvents[sdk=iphonesimulator*]" = YES;
				"INFOPLIST_KEY_UILaunchScreen_Generation[sdk=iphoneos*]" = YES;
				"INFOPLIST_KEY_UILaunchScreen_Generation[sdk=iphonesimulator*]" = YES;
				"INFOPLIST_KEY_UIStatusBarStyle[sdk=iphoneos*]" = UIStatusBarStyleDefault;
				"INFOPLIST_KEY_UIStatusBarStyle[sdk=iphonesimulator*]" = UIStatusBarStyleDefault;
				INFOPLIST_KEY_UISupportedInterfaceOrientations_iPad = "UIInterfaceOrientationPortrait UIInterfaceOrientationPortraitUpsideDown UIInterfaceOrientationLandscapeLeft UIInterfaceOrientationLandscapeRight";
				INFOPLIST_KEY_UISupportedInterfaceOrientations_iPhone = "UIInterfaceOrientationPortrait UIInterfaceOrientationLandscapeLeft UIInterfaceOrientationLandscapeRight";
			IPHONEOS_DEPLOYMENT_TARGET = 17.2;
			LD_RUNPATH_SEARCH_PATHS = "@executable_path/Frameworks";
			MARKETING_VERSION = 1.0;
				PRODUCT_BUNDLE_IDENTIFIER = com.okugawa.majoing3;
				PRODUCT_NAME = "$(TARGET_NAME)";
				PROVISIONING_PROFILE_SPECIFIER = "";
			SDKROOT = iphoneos;
			SUPPORTED_PLATFORMS = "iphoneos iphonesimulator";
			SUPPORTS_MACCATALYST = NO;
			SWIFT_EMIT_LOC_STRINGS = YES;
			SWIFT_VERSION = 5.0;
			TARGETED_DEVICE_FAMILY = "1,2";
			};
			name = Release;
		};
/* End XCBuildConfiguration section */

/* Begin XCConfigurationList section */
		278223652F289C4E0029E11A /* Build configuration list for PBXProject "majoing3" */ = {
			isa = XCConfigurationList;
			buildConfigurations = (
				278223772F289C530029E11A /* Debug */,
				278223782F289C530029E11A /* Release */,
			);
			defaultConfigurationIsVisible = 0;
			defaultConfigurationName = Release;
		};
		278223792F289C530029E11A /* Build configuration list for PBXNativeTarget "majoing3" */ = {
			isa = XCConfigurationList;
			buildConfigurations = (
				2782237A2F289C530029E11A /* Debug */,
				2782237B2F289C530029E11A /* Release */,
			);
			defaultConfigurationIsVisible = 0;
			defaultConfigurationName = Release;
		};
/* End XCConfigurationList section */

/* Begin XCRemoteSwiftPackageReference section */
		2782237E2F28A5660029E11A /* XCRemoteSwiftPackageReference "firebase-ios-sdk" */ = {
			isa = XCRemoteSwiftPackageReference;
			repositoryURL = "https://github.com/firebase/firebase-ios-sdk.git";
			requirement = {
				kind = exactVersion;
				version = 11.8.1;
			};
		};
/* End XCRemoteSwiftPackageReference section */

/* Begin XCSwiftPackageProductDependency section */
		27F0A0102F28A10000AAAAAA /* FirebaseAuth */ = {
			isa = XCSwiftPackageProductDependency;
			package = 2782237E2F28A5660029E11A /* XCRemoteSwiftPackageReference "firebase-ios-sdk" */;
			productName = FirebaseAuth;
		};
		27F0A0112F28A10000AAAAAA /* FirebaseFirestore */ = {
			isa = XCSwiftPackageProductDependency;
			package = 2782237E2F28A5660029E11A /* XCRemoteSwiftPackageReference "firebase-ios-sdk" */;
			productName = FirebaseFirestore;
		};
		27F0A0122F28A10000AAAAAA /* FirebaseCore */ = {
			isa = XCSwiftPackageProductDependency;
			package = 2782237E2F28A5660029E11A /* XCRemoteSwiftPackageReference "firebase-ios-sdk" */;
			productName = FirebaseCore;
		};
/* End XCSwiftPackageProductDependency section */
	};
	rootObject = 278223622F289C4E0029E11A /* Project object */;
}
